# Generated by pub
# See https://dart.dev/tools/pub/glossary#lockfile
packages:
  args:
    dependency: transitive
    description:
      name: args
      sha256: "4cab82a83ffef80b262ddedf47a0a8e56ee6fbf7fe21e6e768b02792034dd440"
      url: "https://pub.dev"
    source: hosted
    version: "2.4.0"
  async:
    dependency: transitive
    description:
      name: async
      sha256: bfe67ef28df125b7dddcea62755991f807aa39a2492a23e1550161692950bbe0
      url: "https://pub.dev"
    source: hosted
    version: "2.10.0"
  base64:
    dependency: "direct main"
    description:
      name: base64
      sha256: "4c2d35892887ea3ad82bba74af5060d7c98fa36a9566f6fb4cb3b2bebc9d3ee4"
      url: "https://pub.dev"
    source: hosted
    version: "1.0.0"
  boolean_selector:
    dependency: transitive
    description:
      name: boolean_selector
      sha256: "6cfb5af12253eaf2b368f07bacc5a80d1301a071c73360d746b7f2e32d762c66"
      url: "https://pub.dev"
    source: hosted
    version: "2.1.1"
  change_app_package_name:
    dependency: "direct main"
    description:
      name: change_app_package_name
      sha256: f9ebaf68a4b5a68c581492579bb68273c523ef325fbf9ce2f1b57fb136ad023b
      url: "https://pub.dev"
    source: hosted
    version: "1.1.0"
  characters:
    dependency: transitive
    description:
      name: characters
      sha256: e6a326c8af69605aec75ed6c187d06b349707a27fbff8222ca9cc2cff167975c
      url: "https://pub.dev"
    source: hosted
    version: "1.2.1"
  charcode:
    dependency: transitive
    description:
      name: charcode
      sha256: fb98c0f6d12c920a02ee2d998da788bca066ca5f148492b7085ee23372b12306
      url: "https://pub.dev"
    source: hosted
    version: "1.3.1"
  clock:
    dependency: transitive
    description:
      name: clock
      sha256: cb6d7f03e1de671e34607e909a7213e31d7752be4fb66a86d29fe1eb14bfb5cf
      url: "https://pub.dev"
    source: hosted
    version: "1.1.1"
  collection:
    dependency: transitive
    description:
      name: collection
      sha256: cfc915e6923fe5ce6e153b0723c753045de46de1b4d63771530504004a45fae0
      url: "https://pub.dev"
    source: hosted
    version: "1.17.0"
  crypto:
    dependency: transitive
    description:
      name: crypto
      sha256: aa274aa7774f8964e4f4f38cc994db7b6158dd36e9187aaceaddc994b35c6c67
      url: "https://pub.dev"
    source: hosted
    version: "3.0.2"
  csp:
    dependency: transitive
    description:
      name: csp
      sha256: a7d2249568171b0dcd509fbb0aed8ee0d57008946d15aa71437ad1a599d980d4
      url: "https://pub.dev"
    source: hosted
    version: "0.1.1"
  csslib:
    dependency: transitive
    description:
      name: csslib
      sha256: b36c7f7e24c0bdf1bf9a3da461c837d1de64b9f8beb190c9011d8c72a3dfd745
      url: "https://pub.dev"
    source: hosted
    version: "0.17.2"
  cupertino_icons:
    dependency: "direct main"
    description:
      name: cupertino_icons
      sha256: e35129dc44c9118cee2a5603506d823bab99c68393879edb440e0090d07586be
      url: "https://pub.dev"
    source: hosted
    version: "1.0.5"
  fake_async:
    dependency: transitive
    description:
      name: fake_async
      sha256: "511392330127add0b769b75a987850d136345d9227c6b94c96a04cf4a391bf78"
      url: "https://pub.dev"
    source: hosted
    version: "1.3.1"
  fixnum:
    dependency: transitive
    description:
      name: fixnum
      sha256: "25517a4deb0c03aa0f32fd12db525856438902d9c16536311e76cdc57b31d7d1"
      url: "https://pub.dev"
    source: hosted
    version: "1.1.0"
  flutter:
    dependency: "direct main"
    description: flutter
    source: sdk
    version: "0.0.0"
  flutter_easyloading:
    dependency: "direct main"
    description:
      name: flutter_easyloading
      sha256: ba21a3c883544e582f9cc455a4a0907556714e1e9cf0eababfcb600da191d17c
      url: "https://pub.dev"
    source: hosted
    version: "3.0.5"
  flutter_lints:
    dependency: "direct dev"
    description:
      name: flutter_lints
      sha256: aeb0b80a8b3709709c9cc496cdc027c5b3216796bc0af0ce1007eaf24464fd4c
      url: "https://pub.dev"
    source: hosted
    version: "2.0.1"
  flutter_spinkit:
    dependency: transitive
    description:
      name: flutter_spinkit
      sha256: "77a2117c0517ff909221f3160b8eb20052ab5216107581168af574ac1f05dff8"
      url: "https://pub.dev"
    source: hosted
    version: "5.1.0"
  flutter_test:
    dependency: "direct dev"
    description: flutter
    source: sdk
    version: "0.0.0"
  html:
    dependency: transitive
    description:
      name: html
      sha256: d9793e10dbe0e6c364f4c59bf3e01fb33a9b2a674bc7a1081693dba0614b6269
      url: "https://pub.dev"
    source: hosted
    version: "0.15.1"
  http:
    dependency: transitive
    description:
      name: http
      sha256: "6aa2946395183537c8b880962d935877325d6a09a2867c3970c05c0fed6ac482"
      url: "https://pub.dev"
    source: hosted
    version: "0.13.5"
  http_parser:
    dependency: transitive
    description:
      name: http_parser
      sha256: "2aa08ce0341cc9b354a498388e30986515406668dbcc4f7c950c3e715496693b"
      url: "https://pub.dev"
    source: hosted
    version: "4.0.2"
  intl:
    dependency: transitive
    description:
      name: intl
      sha256: a3715e3bc90294e971cb7dc063fbf3cd9ee0ebf8604ffeafabd9e6f16abbdbe6
      url: "https://pub.dev"
    source: hosted
    version: "0.18.0"
  js:
    dependency: transitive
    description:
      name: js
      sha256: "5528c2f391ededb7775ec1daa69e65a2d61276f7552de2b5f7b8d34ee9fd4ab7"
      url: "https://pub.dev"
    source: hosted
    version: "0.6.5"
  json_class:
    dependency: transitive
    description:
      name: json_class
      sha256: "088d4e6177451109f7b42607b3eb870d6efec44fe0c3c5e7d950b6309cc754dd"
      url: "https://pub.dev"
    source: hosted
    version: "2.1.6+1"
  json_schema2:
    dependency: transitive
    description:
      name: json_schema2
      sha256: c5e118e1ec1b936edb5765172b39e1de58326a22cd8e5f4cadca9e8273532dd8
      url: "https://pub.dev"
    source: hosted
    version: "2.0.3+5"
  json_theme:
    dependency: "direct main"
    description:
      name: json_theme
      sha256: cbf8661af92c4eaae626145e8d4e2ef9e4f1f0467530c85bdfe7b1184eef9842
      url: "https://pub.dev"
    source: hosted
    version: "5.0.0+5"
  kind:
    dependency: transitive
    description:
      name: kind
      sha256: "03f94f97a766f55b0a745c0929d74665163823fb15173e0defc42bc34263b7ae"
      url: "https://pub.dev"
    source: hosted
    version: "0.5.2"
  lints:
    dependency: transitive
    description:
      name: lints
      sha256: "5e4a9cd06d447758280a8ac2405101e0e2094d2a1dbdd3756aec3fe7775ba593"
      url: "https://pub.dev"
    source: hosted
    version: "2.0.1"
  logging:
    dependency: transitive
    description:
      name: logging
      sha256: "04094f2eb032cbb06c6f6e8d3607edcfcb0455e2bb6cbc010cb01171dcb64e6d"
      url: "https://pub.dev"
    source: hosted
    version: "1.1.1"
  matcher:
    dependency: transitive
    description:
      name: matcher
      sha256: "16db949ceee371e9b99d22f88fa3a73c4e59fd0afed0bd25fc336eb76c198b72"
      url: "https://pub.dev"
    source: hosted
    version: "0.12.13"
  material_color_utilities:
    dependency: transitive
    description:
      name: material_color_utilities
      sha256: d92141dc6fe1dad30722f9aa826c7fbc896d021d792f80678280601aff8cf724
      url: "https://pub.dev"
    source: hosted
    version: "0.2.0"
  meta:
    dependency: transitive
    description:
      name: meta
      sha256: "6c268b42ed578a53088d834796959e4a1814b5e9e164f147f580a386e5decf42"
      url: "https://pub.dev"
    source: hosted
    version: "1.8.0"
  mime:
    dependency: transitive
    description:
      name: mime
      sha256: e4ff8e8564c03f255408decd16e7899da1733852a9110a58fe6d1b817684a63e
      url: "https://pub.dev"
    source: hosted
    version: "1.0.4"
  path:
    dependency: transitive
    description:
      name: path
      sha256: db9d4f58c908a4ba5953fcee2ae317c94889433e5024c27ce74a37f94267945b
      url: "https://pub.dev"
    source: hosted
    version: "1.8.2"
  permission_handler:
    dependency: "direct main"
    description:
      name: permission_handler
      sha256: "33c6a1253d1f95fd06fa74b65b7ba907ae9811f9d5c1d3150e51417d04b8d6a8"
      url: "https://pub.dev"
    source: hosted
    version: "10.2.0"
  permission_handler_android:
    dependency: transitive
    description:
      name: permission_handler_android
      sha256: "8028362b40c4a45298f1cbfccd227c8dd6caf0e27088a69f2ba2ab15464159e2"
      url: "https://pub.dev"
    source: hosted
    version: "10.2.0"
  permission_handler_apple:
    dependency: transitive
    description:
      name: permission_handler_apple
      sha256: "9c370ef6a18b1c4b2f7f35944d644a56aa23576f23abee654cf73968de93f163"
      url: "https://pub.dev"
    source: hosted
    version: "9.0.7"
  permission_handler_platform_interface:
    dependency: transitive
    description:
      name: permission_handler_platform_interface
      sha256: "68abbc472002b5e6dfce47fe9898c6b7d8328d58b5d2524f75e277c07a97eb84"
      url: "https://pub.dev"
    source: hosted
    version: "3.9.0"
  permission_handler_windows:
    dependency: transitive
    description:
      name: permission_handler_windows
      sha256: f67cab14b4328574938ecea2db3475dad7af7ead6afab6338772c5f88963e38b
      url: "https://pub.dev"
    source: hosted
    version: "0.1.2"
  plugin_platform_interface:
    dependency: transitive
    description:
      name: plugin_platform_interface
      sha256: "6a2128648c854906c53fa8e33986fc0247a1116122f9534dd20e3ab9e16a32bc"
      url: "https://pub.dev"
    source: hosted
    version: "2.1.4"
  protobuf:
    dependency: transitive
    description:
      name: protobuf
      sha256: "01dd9bd0fa02548bf2ceee13545d4a0ec6046459d847b6b061d8a27237108a08"
      url: "https://pub.dev"
    source: hosted
    version: "2.1.0"
  quiver:
    dependency: transitive
    description:
      name: quiver
      sha256: b1c1ac5ce6688d77f65f3375a9abb9319b3cb32486bdc7a1e0fdf004d7ba4e47
      url: "https://pub.dev"
    source: hosted
    version: "3.2.1"
  rest_client:
    dependency: transitive
    description:
      name: rest_client
      sha256: a5ba0823c55ceaaba8886b1d3e749deed5ab8a17befe9e457bbc2c880493b265
      url: "https://pub.dev"
    source: hosted
    version: "2.2.1+5"
  share:
    dependency: transitive
    description:
      name: share
      sha256: "97e6403f564ed1051a01534c2fc919cb6e40ea55e60a18ec23cee6e0ce19f4be"
      url: "https://pub.dev"
    source: hosted
    version: "2.0.4"
  sky_engine:
    dependency: transitive
    description: flutter
    source: sdk
    version: "0.0.99"
  source_span:
    dependency: transitive
    description:
      name: source_span
      sha256: dd904f795d4b4f3b870833847c461801f6750a9fa8e61ea5ac53f9422b31f250
      url: "https://pub.dev"
    source: hosted
    version: "1.9.1"
  stack_trace:
    dependency: transitive
    description:
      name: stack_trace
      sha256: c3c7d8edb15bee7f0f74debd4b9c5f3c2ea86766fe4178eb2a18eb30a0bdaed5
      url: "https://pub.dev"
    source: hosted
    version: "1.11.0"
  stream_channel:
    dependency: transitive
    description:
      name: stream_channel
      sha256: "83615bee9045c1d322bbbd1ba209b7a749c2cbcdcb3fdd1df8eb488b3279c1c8"
      url: "https://pub.dev"
    source: hosted
    version: "2.1.1"
  string_scanner:
    dependency: transitive
    description:
      name: string_scanner
      sha256: "556692adab6cfa87322a115640c11f13cb77b3f076ddcc5d6ae3c20242bedcde"
      url: "https://pub.dev"
    source: hosted
    version: "1.2.0"
  term_glyph:
    dependency: transitive
    description:
      name: term_glyph
      sha256: a29248a84fbb7c79282b40b8c72a1209db169a2e0542bce341da992fe1bc7e84
      url: "https://pub.dev"
    source: hosted
    version: "1.2.1"
  test_api:
    dependency: transitive
    description:
      name: test_api
      sha256: ad540f65f92caa91bf21dfc8ffb8c589d6e4dc0c2267818b4cc2792857706206
      url: "https://pub.dev"
    source: hosted
    version: "0.4.16"
  typed_data:
    dependency: transitive
    description:
      name: typed_data
      sha256: "26f87ade979c47a150c9eaab93ccd2bebe70a27dc0b4b29517f2904f04eb11a5"
      url: "https://pub.dev"
    source: hosted
    version: "1.3.1"
  universal_html:
    dependency: transitive
    description:
      name: universal_html
      sha256: b5061c64c7c863c12e46279e032976f1c274f927fb3589b52b5928dcd2d52f7c
      url: "https://pub.dev"
    source: hosted
    version: "2.0.9"
  universal_io:
    dependency: transitive
    description:
      name: universal_io
      sha256: "06866290206d196064fd61df4c7aea1ffe9a4e7c4ccaa8fcded42dd41948005d"
      url: "https://pub.dev"
    source: hosted
    version: "2.2.0"
  uri:
    dependency: transitive
    description:
      name: uri
      sha256: "889eea21e953187c6099802b7b4cf5219ba8f3518f604a1033064d45b1b8268a"
      url: "https://pub.dev"
    source: hosted
    version: "1.0.0"
  uuid:
    dependency: transitive
    description:
      name: uuid
      sha256: "648e103079f7c64a36dc7d39369cabb358d377078a051d6ae2ad3aa539519313"
      url: "https://pub.dev"
    source: hosted
    version: "3.0.7"
  vector_math:
    dependency: transitive
    description:
      name: vector_math
      sha256: "80b3257d1492ce4d091729e3a67a60407d227c27241d6927be0130c98e741803"
      url: "https://pub.dev"
    source: hosted
    version: "2.1.4"
  web_browser:
    dependency: "direct main"
    description:
      name: web_browser
      sha256: "2186092f703fd476970758f0faaaab771797547b3b34f572d417bacf498a1507"
      url: "https://pub.dev"
    source: hosted
    version: "0.5.0"
  web_node:
    dependency: transitive
    description:
      name: web_node
      sha256: "163ad4d9488842db140562e8f7e264a74880af562326e1548b4c4211d15ca437"
      url: "https://pub.dev"
    source: hosted
    version: "0.2.1"
  webview_flutter:
    dependency: transitive
    description:
      name: webview_flutter
      sha256: "6886b3ceef1541109df5001054aade5ee3c36b5780302e41701c78357233721c"
      url: "https://pub.dev"
    source: hosted
    version: "2.8.0"
  webview_flutter_android:
    dependency: transitive
    description:
      name: webview_flutter_android
      sha256: "8b3b2450e98876c70bfcead876d9390573b34b9418c19e28168b74f6cb252dbd"
      url: "https://pub.dev"
    source: hosted
    version: "2.10.4"
  webview_flutter_platform_interface:
    dependency: transitive
    description:
      name: webview_flutter_platform_interface
      sha256: "812165e4e34ca677bdfbfa58c01e33b27fd03ab5fa75b70832d4b7d4ca1fa8cf"
      url: "https://pub.dev"
    source: hosted
    version: "1.9.5"
  webview_flutter_wkwebview:
    dependency: transitive
    description:
      name: webview_flutter_wkwebview
      sha256: a5364369c758892aa487cbf59ea41d9edd10f9d9baf06a94e80f1bd1b4c7bbc0
      url: "https://pub.dev"
    source: hosted
    version: "2.9.5"
  yaml:
    dependency: transitive
    description:
      name: yaml
      sha256: "23812a9b125b48d4007117254bca50abb6c712352927eece9e155207b1db2370"
      url: "https://pub.dev"
    source: hosted
    version: "3.1.1"
  yaon:
    dependency: transitive
    description:
      name: yaon
      sha256: "2fd803f305f6afdd9714c28903c93d724006179ce2503704f42498d2f93d235a"
      url: "https://pub.dev"
    source: hosted
    version: "1.0.2+1"
sdks:
  dart: ">=2.19.2 <3.0.0"
  flutter: ">=3.0.0"
